
Microsoft Visual Studio Solution File, Format Version 12.00
# Visual Studio Version 16
VisualStudioVersion = 16.0.30804.86
MinimumVisualStudioVersion = 10.0.40219.1
Project("{FAE04EC0-301F-11D3-BF4B-00C04F79EFBC}") = "ClassMetotDemo", "ClassMetotDemo\ClassMetotDemo.csproj", "{BAEDF042-966C-408C-A0DC-C1BE4FB4E39F}"
EndProject
Global
	GlobalSection(SolutionConfigurationPlatforms) = preSolution
		Debug|Any CPU = Debug|Any CPU
		Release|Any CPU = Release|Any CPU
	EndGlobalSection
	GlobalSection(ProjectConfigurationPlatforms) = postSolution
		{BAEDF042-966C-408C-A0DC-C1BE4FB4E39F}.Debug|Any CPU.ActiveCfg = Debug|Any CPU
		{BAEDF042-966C-408C-A0DC-C1BE4FB4E39F}.Debug|Any CPU.Build.0 = Debug|Any CPU
		{BAEDF042-966C-408C-A0DC-C1BE4FB4E39F}.Release|Any CPU.ActiveCfg = Release|Any CPU
		{BAEDF042-966C-408C-A0DC-C1BE4FB4E39F}.Release|Any CPU.Build.0 = Release|Any CPU
	EndGlobalSection
	GlobalSection(SolutionProperties) = preSolution
		HideSolutionNode = FALSE
	EndGlobalSection
	GlobalSection(ExtensibilityGlobals) = postSolution
		SolutionGuid = {37BA58C9-1F1E-4084-A708-D2C276D94FC3}
	EndGlobalSection
EndGlobal
